
Microsoft Visual Studio Solution File, Format Version 12.00
# Visual Studio Version 17
VisualStudioVersion = 17.4.33213.308
MinimumVisualStudioVersion = 10.0.40219.1
Project("{FAE04EC0-301F-11D3-BF4B-00C04F79EFBC}") = "Hsp.Net2.Web", "Hsp.Net2.Web\Hsp.Net2.Web.csproj", "{FD4502F3-89D2-4F9B-95E3-7F84AB0C61CE}"
EndProject
Project("{FAE04EC0-301F-11D3-BF4B-00C04F79EFBC}") = "Hsp.Net4.App", "Hsp.Net4.App\Hsp.Net4.App.csproj", "{030F10A0-AAFB-42A6-AE4B-1E304C06A96E}"
EndProject
Project("{FAE04EC0-301F-11D3-BF4B-00C04F79EFBC}") = "Hsp.Net4.Common", "Hsp.Net4.Common\Hsp.Net4.Common.csproj", "{805B06E7-613E-4CE8-8C10-D94AD12C7A98}"
EndProject
Project("{FAE04EC0-301F-11D3-BF4B-00C04F79EFBC}") = "Hsp.Net4.MVC", "Hsp.Net4.MVC\Hsp.Net4.MVC.csproj", "{89077B34-40E6-4EB5-9868-9C485F81F60E}"
EndProject
Project("{FAE04EC0-301F-11D3-BF4B-00C04F79EFBC}") = "Hsp.Net4.Web", "Hsp.Net4.Web\Hsp.Net4.Web.csproj", "{A3F9BECF-40C2-4C56-B427-0781511ACA8F}"
EndProject
Project("{2150E333-8FDC-42A3-9474-1A3956D46DE8}") = "Net4", "Net4", "{4E6A7B3A-CAAC-4D2B-A946-590736484E5D}"
EndProject
Project("{2150E333-8FDC-42A3-9474-1A3956D46DE8}") = "Net2", "Net2", "{C4631156-DB16-4478-8D4B-F3E8AC5D5DD1}"
EndProject
Project("{FAE04EC0-301F-11D3-BF4B-00C04F79EFBC}") = "ConsoleApp2", "ConsoleApp2\ConsoleApp2.csproj", "{85797D1B-4946-45BB-97A3-49158370CB4F}"
EndProject
Project("{FAE04EC0-301F-11D3-BF4B-00C04F79EFBC}") = "Hsp.Net48.Mail.App", "Hsp.Net48.Mail.App\Hsp.Net48.Mail.App.csproj", "{2376884E-F3F6-462F-80ED-2EC21CB818FD}"
EndProject
Project("{FAE04EC0-301F-11D3-BF4B-00C04F79EFBC}") = "NetFramework.MySql.WpfApp", "NetFramework.MySql.WpfApp\NetFramework.MySql.WpfApp.csproj", "{25E4F486-55C2-466B-97CA-2B28F986113A}"
EndProject
Project("{FAE04EC0-301F-11D3-BF4B-00C04F79EFBC}") = "Hsp.Net4.EasyUI.Web", "Hsp.Net4.EasyUI.Web\Hsp.Net4.EasyUI.Web.csproj", "{208DC7D2-77DB-4D84-84AD-B3864F400004}"
EndProject
Global
	GlobalSection(SolutionConfigurationPlatforms) = preSolution
		Debug|Any CPU = Debug|Any CPU
		Release|Any CPU = Release|Any CPU
	EndGlobalSection
	GlobalSection(ProjectConfigurationPlatforms) = postSolution
		{FD4502F3-89D2-4F9B-95E3-7F84AB0C61CE}.Debug|Any CPU.ActiveCfg = Debug|Any CPU
		{FD4502F3-89D2-4F9B-95E3-7F84AB0C61CE}.Debug|Any CPU.Build.0 = Debug|Any CPU
		{FD4502F3-89D2-4F9B-95E3-7F84AB0C61CE}.Release|Any CPU.ActiveCfg = Release|Any CPU
		{FD4502F3-89D2-4F9B-95E3-7F84AB0C61CE}.Release|Any CPU.Build.0 = Release|Any CPU
		{030F10A0-AAFB-42A6-AE4B-1E304C06A96E}.Debug|Any CPU.ActiveCfg = Debug|Any CPU
		{030F10A0-AAFB-42A6-AE4B-1E304C06A96E}.Debug|Any CPU.Build.0 = Debug|Any CPU
		{030F10A0-AAFB-42A6-AE4B-1E304C06A96E}.Release|Any CPU.ActiveCfg = Release|Any CPU
		{030F10A0-AAFB-42A6-AE4B-1E304C06A96E}.Release|Any CPU.Build.0 = Release|Any CPU
		{805B06E7-613E-4CE8-8C10-D94AD12C7A98}.Debug|Any CPU.ActiveCfg = Debug|Any CPU
		{805B06E7-613E-4CE8-8C10-D94AD12C7A98}.Debug|Any CPU.Build.0 = Debug|Any CPU
		{805B06E7-613E-4CE8-8C10-D94AD12C7A98}.Release|Any CPU.ActiveCfg = Release|Any CPU
		{805B06E7-613E-4CE8-8C10-D94AD12C7A98}.Release|Any CPU.Build.0 = Release|Any CPU
		{89077B34-40E6-4EB5-9868-9C485F81F60E}.Debug|Any CPU.ActiveCfg = Debug|Any CPU
		{89077B34-40E6-4EB5-9868-9C485F81F60E}.Debug|Any CPU.Build.0 = Debug|Any CPU
		{89077B34-40E6-4EB5-9868-9C485F81F60E}.Release|Any CPU.ActiveCfg = Release|Any CPU
		{89077B34-40E6-4EB5-9868-9C485F81F60E}.Release|Any CPU.Build.0 = Release|Any CPU
		{A3F9BECF-40C2-4C56-B427-0781511ACA8F}.Debug|Any CPU.ActiveCfg = Debug|Any CPU
		{A3F9BECF-40C2-4C56-B427-0781511ACA8F}.Debug|Any CPU.Build.0 = Debug|Any CPU
		{A3F9BECF-40C2-4C56-B427-0781511ACA8F}.Release|Any CPU.ActiveCfg = Release|Any CPU
		{A3F9BECF-40C2-4C56-B427-0781511ACA8F}.Release|Any CPU.Build.0 = Release|Any CPU
		{85797D1B-4946-45BB-97A3-49158370CB4F}.Debug|Any CPU.ActiveCfg = Debug|Any CPU
		{85797D1B-4946-45BB-97A3-49158370CB4F}.Debug|Any CPU.Build.0 = Debug|Any CPU
		{85797D1B-4946-45BB-97A3-49158370CB4F}.Release|Any CPU.ActiveCfg = Release|Any CPU
		{85797D1B-4946-45BB-97A3-49158370CB4F}.Release|Any CPU.Build.0 = Release|Any CPU
		{2376884E-F3F6-462F-80ED-2EC21CB818FD}.Debug|Any CPU.ActiveCfg = Debug|Any CPU
		{2376884E-F3F6-462F-80ED-2EC21CB818FD}.Debug|Any CPU.Build.0 = Debug|Any CPU
		{2376884E-F3F6-462F-80ED-2EC21CB818FD}.Release|Any CPU.ActiveCfg = Release|Any CPU
		{2376884E-F3F6-462F-80ED-2EC21CB818FD}.Release|Any CPU.Build.0 = Release|Any CPU
		{25E4F486-55C2-466B-97CA-2B28F986113A}.Debug|Any CPU.ActiveCfg = Debug|Any CPU
		{25E4F486-55C2-466B-97CA-2B28F986113A}.Debug|Any CPU.Build.0 = Debug|Any CPU
		{25E4F486-55C2-466B-97CA-2B28F986113A}.Release|Any CPU.ActiveCfg = Release|Any CPU
		{25E4F486-55C2-466B-97CA-2B28F986113A}.Release|Any CPU.Build.0 = Release|Any CPU
		{208DC7D2-77DB-4D84-84AD-B3864F400004}.Debug|Any CPU.ActiveCfg = Debug|Any CPU
		{208DC7D2-77DB-4D84-84AD-B3864F400004}.Debug|Any CPU.Build.0 = Debug|Any CPU
		{208DC7D2-77DB-4D84-84AD-B3864F400004}.Release|Any CPU.ActiveCfg = Release|Any CPU
		{208DC7D2-77DB-4D84-84AD-B3864F400004}.Release|Any CPU.Build.0 = Release|Any CPU
	EndGlobalSection
	GlobalSection(SolutionProperties) = preSolution
		HideSolutionNode = FALSE
	EndGlobalSection
	GlobalSection(NestedProjects) = preSolution
		{FD4502F3-89D2-4F9B-95E3-7F84AB0C61CE} = {C4631156-DB16-4478-8D4B-F3E8AC5D5DD1}
		{030F10A0-AAFB-42A6-AE4B-1E304C06A96E} = {4E6A7B3A-CAAC-4D2B-A946-590736484E5D}
		{805B06E7-613E-4CE8-8C10-D94AD12C7A98} = {4E6A7B3A-CAAC-4D2B-A946-590736484E5D}
		{89077B34-40E6-4EB5-9868-9C485F81F60E} = {4E6A7B3A-CAAC-4D2B-A946-590736484E5D}
		{A3F9BECF-40C2-4C56-B427-0781511ACA8F} = {4E6A7B3A-CAAC-4D2B-A946-590736484E5D}
		{208DC7D2-77DB-4D84-84AD-B3864F400004} = {4E6A7B3A-CAAC-4D2B-A946-590736484E5D}
	EndGlobalSection
	GlobalSection(ExtensibilityGlobals) = postSolution
		SolutionGuid = {B8E65047-5A09-4782-AB15-38A253F573B0}
	EndGlobalSection
EndGlobal
